
Microsoft Visual Studio Solution File, Format Version 12.00
# Visual Studio Version 17
VisualStudioVersion = 17.4.33213.308
MinimumVisualStudioVersion = 10.0.40219.1
Project("{FAE04EC0-301F-11D3-BF4B-00C04F79EFBC}") = "Secondsmallest", "Secondsmallest.csproj", "{43D9DF31-456E-4F01-835B-8EA2F63902BB}"
EndProject
Global
	GlobalSection(SolutionConfigurationPlatforms) = preSolution
		Debug|Any CPU = Debug|Any CPU
		Release|Any CPU = Release|Any CPU
	EndGlobalSection
	GlobalSection(ProjectConfigurationPlatforms) = postSolution
		{43D9DF31-456E-4F01-835B-8EA2F63902BB}.Debug|Any CPU.ActiveCfg = Debug|Any CPU
		{43D9DF31-456E-4F01-835B-8EA2F63902BB}.Debug|Any CPU.Build.0 = Debug|Any CPU
		{43D9DF31-456E-4F01-835B-8EA2F63902BB}.Release|Any CPU.ActiveCfg = Release|Any CPU
		{43D9DF31-456E-4F01-835B-8EA2F63902BB}.Release|Any CPU.Build.0 = Release|Any CPU
	EndGlobalSection
	GlobalSection(SolutionProperties) = preSolution
		HideSolutionNode = FALSE
	EndGlobalSection
	GlobalSection(ExtensibilityGlobals) = postSolution
		SolutionGuid = {60C1BFDB-3469-4BE4-A8F3-984CC3774635}
	EndGlobalSection
EndGlobal
